
Microsoft Visual Studio Solution File, Format Version 12.00
# Visual Studio 15
VisualStudioVersion = 15.0.27428.2015
MinimumVisualStudioVersion = 10.0.40219.1
Project("{FAE04EC0-301F-11D3-BF4B-00C04F79EFBC}") = "UdpSendExample1", "UdpSendExample1\UdpSendExample1.csproj", "{A8071B4D-C735-49F3-8DCA-FE034C8474FD}"
EndProject
Global
	GlobalSection(SolutionConfigurationPlatforms) = preSolution
		Debug|Any CPU = Debug|Any CPU
		Release|Any CPU = Release|Any CPU
	EndGlobalSection
	GlobalSection(ProjectConfigurationPlatforms) = postSolution
		{A8071B4D-C735-49F3-8DCA-FE034C8474FD}.Debug|Any CPU.ActiveCfg = Debug|Any CPU
		{A8071B4D-C735-49F3-8DCA-FE034C8474FD}.Debug|Any CPU.Build.0 = Debug|Any CPU
		{A8071B4D-C735-49F3-8DCA-FE034C8474FD}.Debug|Any CPU.Deploy.0 = Debug|Any CPU
		{A8071B4D-C735-49F3-8DCA-FE034C8474FD}.Release|Any CPU.ActiveCfg = Release|Any CPU
		{A8071B4D-C735-49F3-8DCA-FE034C8474FD}.Release|Any CPU.Build.0 = Release|Any CPU
		{A8071B4D-C735-49F3-8DCA-FE034C8474FD}.Release|Any CPU.Deploy.0 = Release|Any CPU
	EndGlobalSection
	GlobalSection(SolutionProperties) = preSolution
		HideSolutionNode = FALSE
	EndGlobalSection
	GlobalSection(ExtensibilityGlobals) = postSolution
		SolutionGuid = {785EC563-BD52-42FD-9773-E246975340FD}
	EndGlobalSection
EndGlobal
